// !$*UTF8*$!
{
	archiveVersion = 1;
	classes = {
	};
	objectVersion = 56;
	objects = {

/* Begin PBXBuildFile section */
		E43F79972C5A222200F20369 /* AppDelegate.swift in Sources */ = {isa = PBXBuildFile; fileRef = E43F79962C5A222200F20369 /* AppDelegate.swift */; };
		E43F79992C5A222200F20369 /* SceneDelegate.swift in Sources */ = {isa = PBXBuildFile; fileRef = E43F79982C5A222200F20369 /* SceneDelegate.swift */; };
		E43F799B2C5A222200F20369 /* ViewController.swift in Sources */ = {isa = PBXBuildFile; fileRef = E43F799A2C5A222200F20369 /* ViewController.swift */; };
		E43F799E2C5A222200F20369 /* Main.storyboard in Resources */ = {isa = PBXBuildFile; fileRef = E43F799C2C5A222200F20369 /* Main.storyboard */; };
		E43F79A02C5A222300F20369 /* Assets.xcassets in Resources */ = {isa = PBXBuildFile; fileRef = E43F799F2C5A222300F20369 /* Assets.xcassets */; };
		E43F79A32C5A222300F20369 /* LaunchScreen.storyboard in Resources */ = {isa = PBXBuildFile; fileRef = E43F79A12C5A222300F20369 /* LaunchScreen.storyboard */; };
		E43F79AE2C5A222400F20369 /* VinylCollectionTests.swift in Sources */ = {isa = PBXBuildFile; fileRef = E43F79AD2C5A222400F20369 /* VinylCollectionTests.swift */; };
		E43F79B82C5A222400F20369 /* VinylCollectionUITests.swift in Sources */ = {isa = PBXBuildFile; fileRef = E43F79B72C5A222400F20369 /* VinylCollectionUITests.swift */; };
		E43F79BA2C5A222400F20369 /* VinylCollectionUITestsLaunchTests.swift in Sources */ = {isa = PBXBuildFile; fileRef = E43F79B92C5A222400F20369 /* VinylCollectionUITestsLaunchTests.swift */; };
/* End PBXBuildFile section */

/* Begin PBXContainerItemProxy section */
		E43F79AA2C5A222400F20369 /* PBXContainerItemProxy */ = {
			isa = PBXContainerItemProxy;
			containerPortal = E43F798B2C5A222200F20369 /* Project object */;
			proxyType = 1;
			remoteGlobalIDString = E43F79922C5A222200F20369;
			remoteInfo = VinylCollection;
		};
		E43F79B42C5A222400F20369 /* PBXContainerItemProxy */ = {
			isa = PBXContainerItemProxy;
			containerPortal = E43F798B2C5A222200F20369 /* Project object */;
			proxyType = 1;
			remoteGlobalIDString = E43F79922C5A222200F20369;
			remoteInfo = VinylCollection;
		};
/* End PBXContainerItemProxy section */

/* Begin PBXFileReference section */
		E43F79932C5A222200F20369 /* VinylCollection.app */ = {isa = PBXFileReference; explicitFileType = wrapper.application; includeInIndex = 0; path = VinylCollection.app; sourceTree = BUILT_PRODUCTS_DIR; };
		E43F79962C5A222200F20369 /* AppDelegate.swift */ = {isa = PBXFileReference; lastKnownFileType = sourcecode.swift; path = AppDelegate.swift; sourceTree = "<group>"; };
		E43F79982C5A222200F20369 /* SceneDelegate.swift */ = {isa = PBXFileReference; lastKnownFileType = sourcecode.swift; path = SceneDelegate.swift; sourceTree = "<group>"; };
		E43F799A2C5A222200F20369 /* ViewController.swift */ = {isa = PBXFileReference; lastKnownFileType = sourcecode.swift; path = ViewController.swift; sourceTree = "<group>"; };
		E43F799D2C5A222200F20369 /* Base */ = {isa = PBXFileReference; lastKnownFileType = file.storyboard; name = Base; path = Base.lproj/Main.storyboard; sourceTree = "<group>"; };
		E43F799F2C5A222300F20369 /* Assets.xcassets */ = {isa = PBXFileReference; lastKnownFileType = folder.assetcatalog; path = Assets.xcassets; sourceTree = "<group>"; };
		E43F79A22C5A222300F20369 /* Base */ = {isa = PBXFileReference; lastKnownFileType = file.storyboard; name = Base; path = Base.lproj/LaunchScreen.storyboard; sourceTree = "<group>"; };
		E43F79A42C5A222300F20369 /* Info.plist */ = {isa = PBXFileReference; lastKnownFileType = text.plist.xml; path = Info.plist; sourceTree = "<group>"; };
		E43F79A92C5A222400F20369 /* VinylCollectionTests.xctest */ = {isa = PBXFileReference; explicitFileType = wrapper.cfbundle; includeInIndex = 0; path = VinylCollectionTests.xctest; sourceTree = BUILT_PRODUCTS_DIR; };
		E43F79AD2C5A222400F20369 /* VinylCollectionTests.swift */ = {isa = PBXFileReference; lastKnownFileType = sourcecode.swift; path = VinylCollectionTests.swift; sourceTree = "<group>"; };
		E43F79B32C5A222400F20369 /* VinylCollectionUITests.xctest */ = {isa = PBXFileReference; explicitFileType = wrapper.cfbundle; includeInIndex = 0; path = VinylCollectionUITests.xctest; sourceTree = BUILT_PRODUCTS_DIR; };
		E43F79B72C5A222400F20369 /* VinylCollectionUITests.swift */ = {isa = PBXFileReference; lastKnownFileType = sourcecode.swift; path = VinylCollectionUITests.swift; sourceTree = "<group>"; };
		E43F79B92C5A222400F20369 /* VinylCollectionUITestsLaunchTests.swift */ = {isa = PBXFileReference; lastKnownFileType = sourcecode.swift; path = VinylCollectionUITestsLaunchTests.swift; sourceTree = "<group>"; };
/* End PBXFileReference section */

/* Begin PBXFrameworksBuildPhase section */
		E43F79902C5A222200F20369 /* Frameworks */ = {
			isa = PBXFrameworksBuildPhase;
			buildActionMask = 2147483647;
			files = (
			);
			runOnlyForDeploymentPostprocessing = 0;
		};
		E43F79A62C5A222400F20369 /* Frameworks */ = {
			isa = PBXFrameworksBuildPhase;
			buildActionMask = 2147483647;
			files = (
			);
			runOnlyForDeploymentPostprocessing = 0;
		};
		E43F79B02C5A222400F20369 /* Frameworks */ = {
			isa = PBXFrameworksBuildPhase;
			buildActionMask = 2147483647;
			files = (
			);
			runOnlyForDeploymentPostprocessing = 0;
		};
/* End PBXFrameworksBuildPhase section */

/* Begin PBXGroup section */
		E43F798A2C5A222200F20369 = {
			isa = PBXGroup;
			children = (
				E43F79952C5A222200F20369 /* VinylCollection */,
				E43F79AC2C5A222400F20369 /* VinylCollectionTests */,
				E43F79B62C5A222400F20369 /* VinylCollectionUITests */,
				E43F79942C5A222200F20369 /* Products */,
			);
			sourceTree = "<group>";
		};
		E43F79942C5A222200F20369 /* Products */ = {
			isa = PBXGroup;
			children = (
				E43F79932C5A222200F20369 /* VinylCollection.app */,
				E43F79A92C5A222400F20369 /* VinylCollectionTests.xctest */,
				E43F79B32C5A222400F20369 /* VinylCollectionUITests.xctest */,
			);
			name = Products;
			sourceTree = "<group>";
		};
		E43F79952C5A222200F20369 /* VinylCollection */ = {
			isa = PBXGroup;
			children = (
				E43F79962C5A222200F20369 /* AppDelegate.swift */,
				E43F79982C5A222200F20369 /* SceneDelegate.swift */,
				E43F799A2C5A222200F20369 /* ViewController.swift */,
				E43F799C2C5A222200F20369 /* Main.storyboard */,
				E43F799F2C5A222300F20369 /* Assets.xcassets */,
				E43F79A12C5A222300F20369 /* LaunchScreen.storyboard */,
				E43F79A42C5A222300F20369 /* Info.plist */,
			);
			path = VinylCollection;
			sourceTree = "<group>";
		};
		E43F79AC2C5A222400F20369 /* VinylCollectionTests */ = {
			isa = PBXGroup;
			children = (
				E43F79AD2C5A222400F20369 /* VinylCollectionTests.swift */,
			);
			path = VinylCollectionTests;
			sourceTree = "<group>";
		};
		E43F79B62C5A222400F20369 /* VinylCollectionUITests */ = {
			isa = PBXGroup;
			children = (
				E43F79B72C5A222400F20369 /* VinylCollectionUITests.swift */,
				E43F79B92C5A222400F20369 /* VinylCollectionUITestsLaunchTests.swift */,
			);
			path = VinylCollectionUITests;
			sourceTree = "<group>";
		};
/* End PBXGroup section */

/* Begin PBXNativeTarget section */
		E43F79922C5A222200F20369 /* VinylCollection */ = {
			isa = PBXNativeTarget;
			buildConfigurationList = E43F79BD2C5A222400F20369 /* Build configuration list for PBXNativeTarget "VinylCollection" */;
			buildPhases = (
				E43F798F2C5A222200F20369 /* Sources */,
				E43F79902C5A222200F20369 /* Frameworks */,
				E43F79912C5A222200F20369 /* Resources */,
			);
			buildRules = (
			);
			dependencies = (
			);
			name = VinylCollection;
			productName = VinylCollection;
			productReference = E43F79932C5A222200F20369 /* VinylCollection.app */;
			productType = "com.apple.product-type.application";
		};
		E43F79A82C5A222400F20369 /* VinylCollectionTests */ = {
			isa = PBXNativeTarget;
			buildConfigurationList = E43F79C02C5A222400F20369 /* Build configuration list for PBXNativeTarget "VinylCollectionTests" */;
			buildPhases = (
				E43F79A52C5A222400F20369 /* Sources */,
				E43F79A62C5A222400F20369 /* Frameworks */,
				E43F79A72C5A222400F20369 /* Resources */,
			);
			buildRules = (
			);
			dependencies = (
				E43F79AB2C5A222400F20369 /* PBXTargetDependency */,
			);
			name = VinylCollectionTests;
			productName = VinylCollectionTests;
			productReference = E43F79A92C5A222400F20369 /* VinylCollectionTests.xctest */;
			productType = "com.apple.product-type.bundle.unit-test";
		};
		E43F79B22C5A222400F20369 /* VinylCollectionUITests */ = {
			isa = PBXNativeTarget;
			buildConfigurationList = E43F79C32C5A222400F20369 /* Build configuration list for PBXNativeTarget "VinylCollectionUITests" */;
			buildPhases = (
				E43F79AF2C5A222400F20369 /* Sources */,
				E43F79B02C5A222400F20369 /* Frameworks */,
				E43F79B12C5A222400F20369 /* Resources */,
			);
			buildRules = (
			);
			dependencies = (
				E43F79B52C5A222400F20369 /* PBXTargetDependency */,
			);
			name = VinylCollectionUITests;
			productName = VinylCollectionUITests;
			productReference = E43F79B32C5A222400F20369 /* VinylCollectionUITests.xctest */;
			productType = "com.apple.product-type.bundle.ui-testing";
		};
/* End PBXNativeTarget section */

/* Begin PBXProject section */
		E43F798B2C5A222200F20369 /* Project object */ = {
			isa = PBXProject;
			attributes = {
				BuildIndependentTargetsInParallel = 1;
				LastSwiftUpdateCheck = 1430;
				LastUpgradeCheck = 1430;
				TargetAttributes = {
					E43F79922C5A222200F20369 = {
						CreatedOnToolsVersion = 14.3;
					};
					E43F79A82C5A222400F20369 = {
						CreatedOnToolsVersion = 14.3;
						TestTargetID = E43F79922C5A222200F20369;
					};
					E43F79B22C5A222400F20369 = {
						CreatedOnToolsVersion = 14.3;
						TestTargetID = E43F79922C5A222200F20369;
					};
				};
			};
			buildConfigurationList = E43F798E2C5A222200F20369 /* Build configuration list for PBXProject "VinylCollection" */;
			compatibilityVersion = "Xcode 14.0";
			developmentRegion = en;
			hasScannedForEncodings = 0;
			knownRegions = (
				en,
				Base,
			);
			mainGroup = E43F798A2C5A222200F20369;
			productRefGroup = E43F79942C5A222200F20369 /* Products */;
			projectDirPath = "";
			projectRoot = "";
			targets = (
				E43F79922C5A222200F20369 /* VinylCollection */,
				E43F79A82C5A222400F20369 /* VinylCollectionTests */,
				E43F79B22C5A222400F20369 /* VinylCollectionUITests */,
			);
		};
/* End PBXProject section */

/* Begin PBXResourcesBuildPhase section */
		E43F79912C5A222200F20369 /* Resources */ = {
			isa = PBXResourcesBuildPhase;
			buildActionMask = 2147483647;
			files = (
				E43F79A32C5A222300F20369 /* LaunchScreen.storyboard in Resources */,
				E43F79A02C5A222300F20369 /* Assets.xcassets in Resources */,
				E43F799E2C5A222200F20369 /* Main.storyboard in Resources */,
			);
			runOnlyForDeploymentPostprocessing = 0;
		};
		E43F79A72C5A222400F20369 /* Resources */ = {
			isa = PBXResourcesBuildPhase;
			buildActionMask = 2147483647;
			files = (
			);
			runOnlyForDeploymentPostprocessing = 0;
		};
		E43F79B12C5A222400F20369 /* Resources */ = {
			isa = PBXResourcesBuildPhase;
			buildActionMask = 2147483647;
			files = (
			);
			runOnlyForDeploymentPostprocessing = 0;
		};
/* End PBXResourcesBuildPhase section */

/* Begin PBXSourcesBuildPhase section */
		E43F798F2C5A222200F20369 /* Sources */ = {
			isa = PBXSourcesBuildPhase;
			buildActionMask = 2147483647;
			files = (
				E43F799B2C5A222200F20369 /* ViewController.swift in Sources */,
				E43F79972C5A222200F20369 /* AppDelegate.swift in Sources */,
				E43F79992C5A222200F20369 /* SceneDelegate.swift in Sources */,
			);
			runOnlyForDeploymentPostprocessing = 0;
		};
		E43F79A52C5A222400F20369 /* Sources */ = {
			isa = PBXSourcesBuildPhase;
			buildActionMask = 2147483647;
			files = (
				E43F79AE2C5A222400F20369 /* VinylCollectionTests.swift in Sources */,
			);
			runOnlyForDeploymentPostprocessing = 0;
		};
		E43F79AF2C5A222400F20369 /* Sources */ = {
			isa = PBXSourcesBuildPhase;
			buildActionMask = 2147483647;
			files = (
				E43F79B82C5A222400F20369 /* VinylCollectionUITests.swift in Sources */,
				E43F79BA2C5A222400F20369 /* VinylCollectionUITestsLaunchTests.swift in Sources */,
			);
			runOnlyForDeploymentPostprocessing = 0;
		};
/* End PBXSourcesBuildPhase section */

/* Begin PBXTargetDependency section */
		E43F79AB2C5A222400F20369 /* PBXTargetDependency */ = {
			isa = PBXTargetDependency;
			target = E43F79922C5A222200F20369 /* VinylCollection */;
			targetProxy = E43F79AA2C5A222400F20369 /* PBXContainerItemProxy */;
		};
		E43F79B52C5A222400F20369 /* PBXTargetDependency */ = {
			isa = PBXTargetDependency;
			target = E43F79922C5A222200F20369 /* VinylCollection */;
			targetProxy = E43F79B42C5A222400F20369 /* PBXContainerItemProxy */;
		};
/* End PBXTargetDependency section */

/* Begin PBXVariantGroup section */
		E43F799C2C5A222200F20369 /* Main.storyboard */ = {
			isa = PBXVariantGroup;
			children = (
				E43F799D2C5A222200F20369 /* Base */,
			);
			name = Main.storyboard;
			sourceTree = "<group>";
		};
		E43F79A12C5A222300F20369 /* LaunchScreen.storyboard */ = {
			isa = PBXVariantGroup;
			children = (
				E43F79A22C5A222300F20369 /* Base */,
			);
			name = LaunchScreen.storyboard;
			sourceTree = "<group>";
		};
/* End PBXVariantGroup section */

/* Begin XCBuildConfiguration section */
		E43F79BB2C5A222400F20369 /* Debug */ = {
			isa = XCBuildConfiguration;
			buildSettings = {
				ALWAYS_SEARCH_USER_PATHS = NO;
				CLANG_ANALYZER_NONNULL = YES;
				CLANG_ANALYZER_NUMBER_OBJECT_CONVERSION = YES_AGGRESSIVE;
				CLANG_CXX_LANGUAGE_STANDARD = "gnu++20";
				CLANG_ENABLE_MODULES = YES;
				CLANG_ENABLE_OBJC_ARC = YES;
				CLANG_ENABLE_OBJC_WEAK = YES;
				CLANG_WARN_BLOCK_CAPTURE_AUTORELEASING = YES;
				CLANG_WARN_BOOL_CONVERSION = YES;
				CLANG_WARN_COMMA = YES;
				CLANG_WARN_CONSTANT_CONVERSION = YES;
				CLANG_WARN_DEPRECATED_OBJC_IMPLEMENTATIONS = YES;
				CLANG_WARN_DIRECT_OBJC_ISA_USAGE = YES_ERROR;
				CLANG_WARN_DOCUMENTATION_COMMENTS = YES;
				CLANG_WARN_EMPTY_BODY = YES;
				CLANG_WARN_ENUM_CONVERSION = YES;
				CLANG_WARN_INFINITE_RECURSION = YES;
				CLANG_WARN_INT_CONVERSION = YES;
				CLANG_WARN_NON_LITERAL_NULL_CONVERSION = YES;
				CLANG_WARN_OBJC_IMPLICIT_RETAIN_SELF = YES;
				CLANG_WARN_OBJC_LITERAL_CONVERSION = YES;
				CLANG_WARN_OBJC_ROOT_CLASS = YES_ERROR;
				CLANG_WARN_QUOTED_INCLUDE_IN_FRAMEWORK_HEADER = YES;
				CLANG_WARN_RANGE_LOOP_ANALYSIS = YES;
				CLANG_WARN_STRICT_PROTOTYPES = YES;
				CLANG_WARN_SUSPICIOUS_MOVE = YES;
				CLANG_WARN_UNGUARDED_AVAILABILITY = YES_AGGRESSIVE;
				CLANG_WARN_UNREACHABLE_CODE = YES;
				CLANG_WARN__DUPLICATE_METHOD_MATCH = YES;
				COPY_PHASE_STRIP = NO;
				DEBUG_INFORMATION_FORMAT = dwarf;
				ENABLE_STRICT_OBJC_MSGSEND = YES;
				ENABLE_TESTABILITY = YES;
				GCC_C_LANGUAGE_STANDARD = gnu11;
				GCC_DYNAMIC_NO_PIC = NO;
				GCC_NO_COMMON_BLOCKS = YES;
				GCC_OPTIMIZATION_LEVEL = 0;
				GCC_PREPROCESSOR_DEFINITIONS = (
					"DEBUG=1",
					"$(inherited)",
				);
				GCC_WARN_64_TO_32_BIT_CONVERSION = YES;
				GCC_WARN_ABOUT_RETURN_TYPE = YES_ERROR;
				GCC_WARN_UNDECLARED_SELECTOR = YES;
				GCC_WARN_UNINITIALIZED_AUTOS = YES_AGGRESSIVE;
				GCC_WARN_UNUSED_FUNCTION = YES;
				GCC_WARN_UNUSED_VARIABLE = YES;
				IPHONEOS_DEPLOYMENT_TARGET = 16.4;
				MTL_ENABLE_DEBUG_INFO = INCLUDE_SOURCE;
				MTL_FAST_MATH = YES;
				ONLY_ACTIVE_ARCH = YES;
				SDKROOT = iphoneos;
				SWIFT_ACTIVE_COMPILATION_CONDITIONS = DEBUG;
				SWIFT_OPTIMIZATION_LEVEL = "-Onone";
			};
			name = Debug;
		};
		E43F79BC2C5A222400F20369 /* Release */ = {
			isa = XCBuildConfiguration;
			buildSettings = {
				ALWAYS_SEARCH_USER_PATHS = NO;
				CLANG_ANALYZER_NONNULL = YES;
				CLANG_ANALYZER_NUMBER_OBJECT_CONVERSION = YES_AGGRESSIVE;
				CLANG_CXX_LANGUAGE_STANDARD = "gnu++20";
				CLANG_ENABLE_MODULES = YES;
				CLANG_ENABLE_OBJC_ARC = YES;
				CLANG_ENABLE_OBJC_WEAK = YES;
				CLANG_WARN_BLOCK_CAPTURE_AUTORELEASING = YES;
				CLANG_WARN_BOOL_CONVERSION = YES;
				CLANG_WARN_COMMA = YES;
				CLANG_WARN_CONSTANT_CONVERSION = YES;
				CLANG_WARN_DEPRECATED_OBJC_IMPLEMENTATIONS = YES;
				CLANG_WARN_DIRECT_OBJC_ISA_USAGE = YES_ERROR;
				CLANG_WARN_DOCUMENTATION_COMMENTS = YES;
				CLANG_WARN_EMPTY_BODY = YES;
				CLANG_WARN_ENUM_CONVERSION = YES;
				CLANG_WARN_INFINITE_RECURSION = YES;
				CLANG_WARN_INT_CONVERSION = YES;
				CLANG_WARN_NON_LITERAL_NULL_CONVERSION = YES;
				CLANG_WARN_OBJC_IMPLICIT_RETAIN_SELF = YES;
				CLANG_WARN_OBJC_LITERAL_CONVERSION = YES;
				CLANG_WARN_OBJC_ROOT_CLASS = YES_ERROR;
				CLANG_WARN_QUOTED_INCLUDE_IN_FRAMEWORK_HEADER = YES;
				CLANG_WARN_RANGE_LOOP_ANALYSIS = YES;
				CLANG_WARN_STRICT_PROTOTYPES = YES;
				CLANG_WARN_SUSPICIOUS_MOVE = YES;
				CLANG_WARN_UNGUARDED_AVAILABILITY = YES_AGGRESSIVE;
				CLANG_WARN_UNREACHABLE_CODE = YES;
				CLANG_WARN__DUPLICATE_METHOD_MATCH = YES;
				COPY_PHASE_STRIP = NO;
				DEBUG_INFORMATION_FORMAT = "dwarf-with-dsym";
				ENABLE_NS_ASSERTIONS = NO;
				ENABLE_STRICT_OBJC_MSGSEND = YES;
				GCC_C_LANGUAGE_STANDARD = gnu11;
				GCC_NO_COMMON_BLOCKS = YES;
				GCC_WARN_64_TO_32_BIT_CONVERSION = YES;
				GCC_WARN_ABOUT_RETURN_TYPE = YES_ERROR;
				GCC_WARN_UNDECLARED_SELECTOR = YES;
				GCC_WARN_UNINITIALIZED_AUTOS = YES_AGGRESSIVE;
				GCC_WARN_UNUSED_FUNCTION = YES;
				GCC_WARN_UNUSED_VARIABLE = YES;
				IPHONEOS_DEPLOYMENT_TARGET = 16.4;
				MTL_ENABLE_DEBUG_INFO = NO;
				MTL_FAST_MATH = YES;
				SDKROOT = iphoneos;
				SWIFT_COMPILATION_MODE = wholemodule;
				SWIFT_OPTIMIZATION_LEVEL = "-O";
				VALIDATE_PRODUCT = YES;
			};
			name = Release;
		};
		E43F79BE2C5A222400F20369 /* Debug */ = {
			isa = XCBuildConfiguration;
			buildSettings = {
				ASSETCATALOG_COMPILER_APPICON_NAME = AppIcon;
				ASSETCATALOG_COMPILER_GLOBAL_ACCENT_COLOR_NAME = AccentColor;
				CODE_SIGN_STYLE = Automatic;
				CURRENT_PROJECT_VERSION = 1;
				GENERATE_INFOPLIST_FILE = YES;
				INFOPLIST_FILE = VinylCollection/Info.plist;
				INFOPLIST_KEY_UIApplicationSupportsIndirectInputEvents = YES;
				INFOPLIST_KEY_UILaunchStoryboardName = LaunchScreen;
				INFOPLIST_KEY_UIMainStoryboardFile = Main;
				INFOPLIST_KEY_UISupportedInterfaceOrientations_iPad = "UIInterfaceOrientationPortrait UIInterfaceOrientationPortraitUpsideDown UIInterfaceOrientationLandscapeLeft UIInterfaceOrientationLandscapeRight";
				INFOPLIST_KEY_UISupportedInterfaceOrientations_iPhone = "UIInterfaceOrientationPortrait UIInterfaceOrientationLandscapeLeft UIInterfaceOrientationLandscapeRight";
				LD_RUNPATH_SEARCH_PATHS = (
					"$(inherited)",
					"@executable_path/Frameworks",
				);
				MARKETING_VERSION = 1.0;
				PRODUCT_BUNDLE_IDENTIFIER = "iOS-Development.VinylCollection";
				PRODUCT_NAME = "$(TARGET_NAME)";
				SWIFT_EMIT_LOC_STRINGS = YES;
				SWIFT_VERSION = 5.0;
				TARGETED_DEVICE_FAMILY = "1,2";
			};
			name = Debug;
		};
		E43F79BF2C5A222400F20369 /* Release */ = {
			isa = XCBuildConfiguration;
			buildSettings = {
				ASSETCATALOG_COMPILER_APPICON_NAME = AppIcon;
				ASSETCATALOG_COMPILER_GLOBAL_ACCENT_COLOR_NAME = AccentColor;
				CODE_SIGN_STYLE = Automatic;
				CURRENT_PROJECT_VERSION = 1;
				GENERATE_INFOPLIST_FILE = YES;
				INFOPLIST_FILE = VinylCollection/Info.plist;
				INFOPLIST_KEY_UIApplicationSupportsIndirectInputEvents = YES;
				INFOPLIST_KEY_UILaunchStoryboardName = LaunchScreen;
				INFOPLIST_KEY_UIMainStoryboardFile = Main;
				INFOPLIST_KEY_UISupportedInterfaceOrientations_iPad = "UIInterfaceOrientationPortrait UIInterfaceOrientationPortraitUpsideDown UIInterfaceOrientationLandscapeLeft UIInterfaceOrientationLandscapeRight";
				INFOPLIST_KEY_UISupportedInterfaceOrientations_iPhone = "UIInterfaceOrientationPortrait UIInterfaceOrientationLandscapeLeft UIInterfaceOrientationLandscapeRight";
				LD_RUNPATH_SEARCH_PATHS = (
					"$(inherited)",
					"@executable_path/Frameworks",
				);
				MARKETING_VERSION = 1.0;
				PRODUCT_BUNDLE_IDENTIFIER = "iOS-Development.VinylCollection";
				PRODUCT_NAME = "$(TARGET_NAME)";
				SWIFT_EMIT_LOC_STRINGS = YES;
				SWIFT_VERSION = 5.0;
				TARGETED_DEVICE_FAMILY = "1,2";
			};
			name = Release;
		};
		E43F79C12C5A222400F20369 /* Debug */ = {
			isa = XCBuildConfiguration;
			buildSettings = {
				ALWAYS_EMBED_SWIFT_STANDARD_LIBRARIES = YES;
				BUNDLE_LOADER = "$(TEST_HOST)";
				CODE_SIGN_STYLE = Automatic;
				CURRENT_PROJECT_VERSION = 1;
				GENERATE_INFOPLIST_FILE = YES;
				IPHONEOS_DEPLOYMENT_TARGET = 16.4;
				MARKETING_VERSION = 1.0;
				PRODUCT_BUNDLE_IDENTIFIER = "iOS-Development.VinylCollectionTests";
				PRODUCT_NAME = "$(TARGET_NAME)";
				SWIFT_EMIT_LOC_STRINGS = NO;
				SWIFT_VERSION = 5.0;
				TARGETED_DEVICE_FAMILY = "1,2";
				TEST_HOST = "$(BUILT_PRODUCTS_DIR)/VinylCollection.app/$(BUNDLE_EXECUTABLE_FOLDER_PATH)/VinylCollection";
			};
			name = Debug;
		};
		E43F79C22C5A222400F20369 /* Release */ = {
			isa = XCBuildConfiguration;
			buildSettings = {
				ALWAYS_EMBED_SWIFT_STANDARD_LIBRARIES = YES;
				BUNDLE_LOADER = "$(TEST_HOST)";
				CODE_SIGN_STYLE = Automatic;
				CURRENT_PROJECT_VERSION = 1;
				GENERATE_INFOPLIST_FILE = YES;
				IPHONEOS_DEPLOYMENT_TARGET = 16.4;
				MARKETING_VERSION = 1.0;
				PRODUCT_BUNDLE_IDENTIFIER = "iOS-Development.VinylCollectionTests";
				PRODUCT_NAME = "$(TARGET_NAME)";
				SWIFT_EMIT_LOC_STRINGS = NO;
				SWIFT_VERSION = 5.0;
				TARGETED_DEVICE_FAMILY = "1,2";
				TEST_HOST = "$(BUILT_PRODUCTS_DIR)/VinylCollection.app/$(BUNDLE_EXECUTABLE_FOLDER_PATH)/VinylCollection";
			};
			name = Release;
		};
		E43F79C42C5A222400F20369 /* Debug */ = {
			isa = XCBuildConfiguration;
			buildSettings = {
				ALWAYS_EMBED_SWIFT_STANDARD_LIBRARIES = YES;
				CODE_SIGN_STYLE = Automatic;
				CURRENT_PROJECT_VERSION = 1;
				GENERATE_INFOPLIST_FILE = YES;
				MARKETING_VERSION = 1.0;
				PRODUCT_BUNDLE_IDENTIFIER = "iOS-Development.VinylCollectionUITests";
				PRODUCT_NAME = "$(TARGET_NAME)";
				SWIFT_EMIT_LOC_STRINGS = NO;
				SWIFT_VERSION = 5.0;
				TARGETED_DEVICE_FAMILY = "1,2";
				TEST_TARGET_NAME = VinylCollection;
			};
			name = Debug;
		};
		E43F79C52C5A222400F20369 /* Release */ = {
			isa = XCBuildConfiguration;
			buildSettings = {
				ALWAYS_EMBED_SWIFT_STANDARD_LIBRARIES = YES;
				CODE_SIGN_STYLE = Automatic;
				CURRENT_PROJECT_VERSION = 1;
				GENERATE_INFOPLIST_FILE = YES;
				MARKETING_VERSION = 1.0;
				PRODUCT_BUNDLE_IDENTIFIER = "iOS-Development.VinylCollectionUITests";
				PRODUCT_NAME = "$(TARGET_NAME)";
				SWIFT_EMIT_LOC_STRINGS = NO;
				SWIFT_VERSION = 5.0;
				TARGETED_DEVICE_FAMILY = "1,2";
				TEST_TARGET_NAME = VinylCollection;
			};
			name = Release;
		};
/* End XCBuildConfiguration section */

/* Begin XCConfigurationList section */
		E43F798E2C5A222200F20369 /* Build configuration list for PBXProject "VinylCollection" */ = {
			isa = XCConfigurationList;
			buildConfigurations = (
				E43F79BB2C5A222400F20369 /* Debug */,
				E43F79BC2C5A222400F20369 /* Release */,
			);
			defaultConfigurationIsVisible = 0;
			defaultConfigurationName = Release;
		};
		E43F79BD2C5A222400F20369 /* Build configuration list for PBXNativeTarget "VinylCollection" */ = {
			isa = XCConfigurationList;
			buildConfigurations = (
				E43F79BE2C5A222400F20369 /* Debug */,
				E43F79BF2C5A222400F20369 /* Release */,
			);
			defaultConfigurationIsVisible = 0;
			defaultConfigurationName = Release;
		};
		E43F79C02C5A222400F20369 /* Build configuration list for PBXNativeTarget "VinylCollectionTests" */ = {
			isa = XCConfigurationList;
			buildConfigurations = (
				E43F79C12C5A222400F20369 /* Debug */,
				E43F79C22C5A222400F20369 /* Release */,
			);
			defaultConfigurationIsVisible = 0;
			defaultConfigurationName = Release;
		};
		E43F79C32C5A222400F20369 /* Build configuration list for PBXNativeTarget "VinylCollectionUITests" */ = {
			isa = XCConfigurationList;
			buildConfigurations = (
				E43F79C42C5A222400F20369 /* Debug */,
				E43F79C52C5A222400F20369 /* Release */,
			);
			defaultConfigurationIsVisible = 0;
			defaultConfigurationName = Release;
		};
/* End XCConfigurationList section */
	};
	rootObject = E43F798B2C5A222200F20369 /* Project object */;
}
